
Microsoft Visual Studio Solution File, Format Version 12.00
Project("{FAE04EC0-301F-11D3-BF4B-00C04F79EFBC}") = "SampleApi", "SampleApi\SampleApi.csproj", "{570D764B-5C01-4AA4-BE2B-932FE7470F20}"
EndProject
Global
	GlobalSection(SolutionConfigurationPlatforms) = preSolution
		Debug|Any CPU = Debug|Any CPU
		Release|Any CPU = Release|Any CPU
	EndGlobalSection
	GlobalSection(ProjectConfigurationPlatforms) = postSolution
		{570D764B-5C01-4AA4-BE2B-932FE7470F20}.Debug|Any CPU.ActiveCfg = Debug|Any CPU
		{570D764B-5C01-4AA4-BE2B-932FE7470F20}.Debug|Any CPU.Build.0 = Debug|Any CPU
		{570D764B-5C01-4AA4-BE2B-932FE7470F20}.Release|Any CPU.ActiveCfg = Release|Any CPU
		{570D764B-5C01-4AA4-BE2B-932FE7470F20}.Release|Any CPU.Build.0 = Release|Any CPU
	EndGlobalSection
EndGlobal
